packages:
  - name: dbt_utils
    package: dbt-labs/dbt_utils
    version: 1.3.3
  - name: dbt_expectations
    package: metaplane/dbt_expectations
    version: 0.10.10
  - name: codegen
    package: dbt-labs/codegen
    version: 0.14.1
  - name: dbt_date
    package: godatadriven/dbt_date
    version: 0.19.0
sha1_hash: 2d2baba7071ea6574a5f670a92064ad21f3230d5
